// !$*UTF8*$!
{
	archiveVersion = 1;
	classes = {
	};
	objectVersion = 56;
	objects = {

/* Begin PBXBuildFile section */
		FA5B5DA929C8CF40003FF034 /* textBootcamp.swift in Sources */ = {isa = PBXBuildFile; fileRef = FA5B5DA829C8CF40003FF034 /* textBootcamp.swift */; };
		FA5B5DAB29C8E144003FF034 /* imageBootcamp.swift in Sources */ = {isa = PBXBuildFile; fileRef = FA5B5DAA29C8E144003FF034 /* imageBootcamp.swift */; };
		FA5B5DAD29CB679D003FF034 /* FrameBootcamp.swift in Sources */ = {isa = PBXBuildFile; fileRef = FA5B5DAC29CB679D003FF034 /* FrameBootcamp.swift */; };
		FA5B5DC929CB755C003FF034 /* stackTutorial.swift in Sources */ = {isa = PBXBuildFile; fileRef = FA5B5DC829CB755C003FF034 /* stackTutorial.swift */; };
		FA92003829CF6BD100F8B97A /* initEnumTutorial.swift in Sources */ = {isa = PBXBuildFile; fileRef = FA92003729CF6BD100F8B97A /* initEnumTutorial.swift */; };
		FA9D285F29D0A4B2003792CD /* buttonState.swift in Sources */ = {isa = PBXBuildFile; fileRef = FA9D285E29D0A4B2003792CD /* buttonState.swift */; };
		FAAB5E7229C8C5F700A47D61 /* basicTutorialApp.swift in Sources */ = {isa = PBXBuildFile; fileRef = FAAB5E7129C8C5F700A47D61 /* basicTutorialApp.swift */; };
		FAAB5E7429C8C5F700A47D61 /* ContentView.swift in Sources */ = {isa = PBXBuildFile; fileRef = FAAB5E7329C8C5F700A47D61 /* ContentView.swift */; };
		FAAB5E7629C8C5FC00A47D61 /* Assets.xcassets in Resources */ = {isa = PBXBuildFile; fileRef = FAAB5E7529C8C5FC00A47D61 /* Assets.xcassets */; };
		FAAB5E7929C8C5FC00A47D61 /* Preview Assets.xcassets in Resources */ = {isa = PBXBuildFile; fileRef = FAAB5E7829C8C5FC00A47D61 /* Preview Assets.xcassets */; };
/* End PBXBuildFile section */

/* Begin PBXFileReference section */
		FA5B5DA829C8CF40003FF034 /* textBootcamp.swift */ = {isa = PBXFileReference; lastKnownFileType = sourcecode.swift; path = textBootcamp.swift; sourceTree = "<group>"; };
		FA5B5DAA29C8E144003FF034 /* imageBootcamp.swift */ = {isa = PBXFileReference; lastKnownFileType = sourcecode.swift; path = imageBootcamp.swift; sourceTree = "<group>"; };
		FA5B5DAC29CB679D003FF034 /* FrameBootcamp.swift */ = {isa = PBXFileReference; lastKnownFileType = sourcecode.swift; path = FrameBootcamp.swift; sourceTree = "<group>"; };
		FA5B5DC829CB755C003FF034 /* stackTutorial.swift */ = {isa = PBXFileReference; lastKnownFileType = sourcecode.swift; path = stackTutorial.swift; sourceTree = "<group>"; };
		FA92003729CF6BD100F8B97A /* initEnumTutorial.swift */ = {isa = PBXFileReference; lastKnownFileType = sourcecode.swift; path = initEnumTutorial.swift; sourceTree = "<group>"; };
		FA9D285E29D0A4B2003792CD /* buttonState.swift */ = {isa = PBXFileReference; lastKnownFileType = sourcecode.swift; path = buttonState.swift; sourceTree = "<group>"; };
		FAAB5E6E29C8C5F700A47D61 /* basicTutorial.app */ = {isa = PBXFileReference; explicitFileType = wrapper.application; includeInIndex = 0; path = basicTutorial.app; sourceTree = BUILT_PRODUCTS_DIR; };
		FAAB5E7129C8C5F700A47D61 /* basicTutorialApp.swift */ = {isa = PBXFileReference; lastKnownFileType = sourcecode.swift; path = basicTutorialApp.swift; sourceTree = "<group>"; };
		FAAB5E7329C8C5F700A47D61 /* ContentView.swift */ = {isa = PBXFileReference; lastKnownFileType = sourcecode.swift; path = ContentView.swift; sourceTree = "<group>"; };
		FAAB5E7529C8C5FC00A47D61 /* Assets.xcassets */ = {isa = PBXFileReference; lastKnownFileType = folder.assetcatalog; path = Assets.xcassets; sourceTree = "<group>"; };
		FAAB5E7829C8C5FC00A47D61 /* Preview Assets.xcassets */ = {isa = PBXFileReference; lastKnownFileType = folder.assetcatalog; path = "Preview Assets.xcassets"; sourceTree = "<group>"; };
/* End PBXFileReference section */

/* Begin PBXFrameworksBuildPhase section */
		FAAB5E6B29C8C5F700A47D61 /* Frameworks */ = {
			isa = PBXFrameworksBuildPhase;
			buildActionMask = 2147483647;
			files = (
			);
			runOnlyForDeploymentPostprocessing = 0;
		};
/* End PBXFrameworksBuildPhase section */

/* Begin PBXGroup section */
		FAAB5E6529C8C5F700A47D61 = {
			isa = PBXGroup;
			children = (
				FAAB5E7029C8C5F700A47D61 /* basicTutorial */,
				FAAB5E6F29C8C5F700A47D61 /* Products */,
			);
			sourceTree = "<group>";
		};
		FAAB5E6F29C8C5F700A47D61 /* Products */ = {
			isa = PBXGroup;
			children = (
				FAAB5E6E29C8C5F700A47D61 /* basicTutorial.app */,
			);
			name = Products;
			sourceTree = "<group>";
		};
		FAAB5E7029C8C5F700A47D61 /* basicTutorial */ = {
			isa = PBXGroup;
			children = (
				FAAB5E7129C8C5F700A47D61 /* basicTutorialApp.swift */,
				FAAB5E7329C8C5F700A47D61 /* ContentView.swift */,
				FA5B5DA829C8CF40003FF034 /* textBootcamp.swift */,
				FA5B5DAA29C8E144003FF034 /* imageBootcamp.swift */,
				FA5B5DAC29CB679D003FF034 /* FrameBootcamp.swift */,
				FA5B5DC829CB755C003FF034 /* stackTutorial.swift */,
				FA92003729CF6BD100F8B97A /* initEnumTutorial.swift */,
				FA9D285E29D0A4B2003792CD /* buttonState.swift */,
				FAAB5E7529C8C5FC00A47D61 /* Assets.xcassets */,
				FAAB5E7729C8C5FC00A47D61 /* Preview Content */,
			);
			path = basicTutorial;
			sourceTree = "<group>";
		};
		FAAB5E7729C8C5FC00A47D61 /* Preview Content */ = {
			isa = PBXGroup;
			children = (
				FAAB5E7829C8C5FC00A47D61 /* Preview Assets.xcassets */,
			);
			path = "Preview Content";
			sourceTree = "<group>";
		};
/* End PBXGroup section */

/* Begin PBXNativeTarget section */
		FAAB5E6D29C8C5F700A47D61 /* basicTutorial */ = {
			isa = PBXNativeTarget;
			buildConfigurationList = FAAB5E7C29C8C5FC00A47D61 /* Build configuration list for PBXNativeTarget "basicTutorial" */;
			buildPhases = (
				FAAB5E6A29C8C5F700A47D61 /* Sources */,
				FAAB5E6B29C8C5F700A47D61 /* Frameworks */,
				FAAB5E6C29C8C5F700A47D61 /* Resources */,
			);
			buildRules = (
			);
			dependencies = (
			);
			name = basicTutorial;
			productName = basicTutorial;
			productReference = FAAB5E6E29C8C5F700A47D61 /* basicTutorial.app */;
			productType = "com.apple.product-type.application";
		};
/* End PBXNativeTarget section */

/* Begin PBXProject section */
		FAAB5E6629C8C5F700A47D61 /* Project object */ = {
			isa = PBXProject;
			attributes = {
				BuildIndependentTargetsInParallel = 1;
				LastSwiftUpdateCheck = 1420;
				LastUpgradeCheck = 1420;
				TargetAttributes = {
					FAAB5E6D29C8C5F700A47D61 = {
						CreatedOnToolsVersion = 14.2;
					};
				};
			};
			buildConfigurationList = FAAB5E6929C8C5F700A47D61 /* Build configuration list for PBXProject "basicTutorial" */;
			compatibilityVersion = "Xcode 14.0";
			developmentRegion = en;
			hasScannedForEncodings = 0;
			knownRegions = (
				en,
				Base,
			);
			mainGroup = FAAB5E6529C8C5F700A47D61;
			productRefGroup = FAAB5E6F29C8C5F700A47D61 /* Products */;
			projectDirPath = "";
			projectRoot = "";
			targets = (
				FAAB5E6D29C8C5F700A47D61 /* basicTutorial */,
			);
		};
/* End PBXProject section */

/* Begin PBXResourcesBuildPhase section */
		FAAB5E6C29C8C5F700A47D61 /* Resources */ = {
			isa = PBXResourcesBuildPhase;
			buildActionMask = 2147483647;
			files = (
				FAAB5E7929C8C5FC00A47D61 /* Preview Assets.xcassets in Resources */,
				FAAB5E7629C8C5FC00A47D61 /* Assets.xcassets in Resources */,
			);
			runOnlyForDeploymentPostprocessing = 0;
		};
/* End PBXResourcesBuildPhase section */

/* Begin PBXSourcesBuildPhase section */
		FAAB5E6A29C8C5F700A47D61 /* Sources */ = {
			isa = PBXSourcesBuildPhase;
			buildActionMask = 2147483647;
			files = (
				FAAB5E7429C8C5F700A47D61 /* ContentView.swift in Sources */,
				FA9D285F29D0A4B2003792CD /* buttonState.swift in Sources */,
				FA92003829CF6BD100F8B97A /* initEnumTutorial.swift in Sources */,
				FAAB5E7229C8C5F700A47D61 /* basicTutorialApp.swift in Sources */,
				FA5B5DC929CB755C003FF034 /* stackTutorial.swift in Sources */,
				FA5B5DAB29C8E144003FF034 /* imageBootcamp.swift in Sources */,
				FA5B5DAD29CB679D003FF034 /* FrameBootcamp.swift in Sources */,
				FA5B5DA929C8CF40003FF034 /* textBootcamp.swift in Sources */,
			);
			runOnlyForDeploymentPostprocessing = 0;
		};
/* End PBXSourcesBuildPhase section */

/* Begin XCBuildConfiguration section */
		FAAB5E7A29C8C5FC00A47D61 /* Debug */ = {
			isa = XCBuildConfiguration;
			buildSettings = {
				ALWAYS_SEARCH_USER_PATHS = NO;
				CLANG_ANALYZER_NONNULL = YES;
				CLANG_ANALYZER_NUMBER_OBJECT_CONVERSION = YES_AGGRESSIVE;
				CLANG_CXX_LANGUAGE_STANDARD = "gnu++20";
				CLANG_ENABLE_MODULES = YES;
				CLANG_ENABLE_OBJC_ARC = YES;
				CLANG_ENABLE_OBJC_WEAK = YES;
				CLANG_WARN_BLOCK_CAPTURE_AUTORELEASING = YES;
				CLANG_WARN_BOOL_CONVERSION = YES;
				CLANG_WARN_COMMA = YES;
				CLANG_WARN_CONSTANT_CONVERSION = YES;
				CLANG_WARN_DEPRECATED_OBJC_IMPLEMENTATIONS = YES;
				CLANG_WARN_DIRECT_OBJC_ISA_USAGE = YES_ERROR;
				CLANG_WARN_DOCUMENTATION_COMMENTS = YES;
				CLANG_WARN_EMPTY_BODY = YES;
				CLANG_WARN_ENUM_CONVERSION = YES;
				CLANG_WARN_INFINITE_RECURSION = YES;
				CLANG_WARN_INT_CONVERSION = YES;
				CLANG_WARN_NON_LITERAL_NULL_CONVERSION = YES;
				CLANG_WARN_OBJC_IMPLICIT_RETAIN_SELF = YES;
				CLANG_WARN_OBJC_LITERAL_CONVERSION = YES;
				CLANG_WARN_OBJC_ROOT_CLASS = YES_ERROR;
				CLANG_WARN_QUOTED_INCLUDE_IN_FRAMEWORK_HEADER = YES;
				CLANG_WARN_RANGE_LOOP_ANALYSIS = YES;
				CLANG_WARN_STRICT_PROTOTYPES = YES;
				CLANG_WARN_SUSPICIOUS_MOVE = YES;
				CLANG_WARN_UNGUARDED_AVAILABILITY = YES_AGGRESSIVE;
				CLANG_WARN_UNREACHABLE_CODE = YES;
				CLANG_WARN__DUPLICATE_METHOD_MATCH = YES;
				COPY_PHASE_STRIP = NO;
				DEBUG_INFORMATION_FORMAT = dwarf;
				ENABLE_STRICT_OBJC_MSGSEND = YES;
				ENABLE_TESTABILITY = YES;
				GCC_C_LANGUAGE_STANDARD = gnu11;
				GCC_DYNAMIC_NO_PIC = NO;
				GCC_NO_COMMON_BLOCKS = YES;
				GCC_OPTIMIZATION_LEVEL = 0;
				GCC_PREPROCESSOR_DEFINITIONS = (
					"DEBUG=1",
					"$(inherited)",
				);
				GCC_WARN_64_TO_32_BIT_CONVERSION = YES;
				GCC_WARN_ABOUT_RETURN_TYPE = YES_ERROR;
				GCC_WARN_UNDECLARED_SELECTOR = YES;
				GCC_WARN_UNINITIALIZED_AUTOS = YES_AGGRESSIVE;
				GCC_WARN_UNUSED_FUNCTION = YES;
				GCC_WARN_UNUSED_VARIABLE = YES;
				IPHONEOS_DEPLOYMENT_TARGET = 16.2;
				MTL_ENABLE_DEBUG_INFO = INCLUDE_SOURCE;
				MTL_FAST_MATH = YES;
				ONLY_ACTIVE_ARCH = YES;
				SDKROOT = iphoneos;
				SWIFT_ACTIVE_COMPILATION_CONDITIONS = DEBUG;
				SWIFT_OPTIMIZATION_LEVEL = "-Onone";
			};
			name = Debug;
		};
		FAAB5E7B29C8C5FC00A47D61 /* Release */ = {
			isa = XCBuildConfiguration;
			buildSettings = {
				ALWAYS_SEARCH_USER_PATHS = NO;
				CLANG_ANALYZER_NONNULL = YES;
				CLANG_ANALYZER_NUMBER_OBJECT_CONVERSION = YES_AGGRESSIVE;
				CLANG_CXX_LANGUAGE_STANDARD = "gnu++20";
				CLANG_ENABLE_MODULES = YES;
				CLANG_ENABLE_OBJC_ARC = YES;
				CLANG_ENABLE_OBJC_WEAK = YES;
				CLANG_WARN_BLOCK_CAPTURE_AUTORELEASING = YES;
				CLANG_WARN_BOOL_CONVERSION = YES;
				CLANG_WARN_COMMA = YES;
				CLANG_WARN_CONSTANT_CONVERSION = YES;
				CLANG_WARN_DEPRECATED_OBJC_IMPLEMENTATIONS = YES;
				CLANG_WARN_DIRECT_OBJC_ISA_USAGE = YES_ERROR;
				CLANG_WARN_DOCUMENTATION_COMMENTS = YES;
				CLANG_WARN_EMPTY_BODY = YES;
				CLANG_WARN_ENUM_CONVERSION = YES;
				CLANG_WARN_INFINITE_RECURSION = YES;
				CLANG_WARN_INT_CONVERSION = YES;
				CLANG_WARN_NON_LITERAL_NULL_CONVERSION = YES;
				CLANG_WARN_OBJC_IMPLICIT_RETAIN_SELF = YES;
				CLANG_WARN_OBJC_LITERAL_CONVERSION = YES;
				CLANG_WARN_OBJC_ROOT_CLASS = YES_ERROR;
				CLANG_WARN_QUOTED_INCLUDE_IN_FRAMEWORK_HEADER = YES;
				CLANG_WARN_RANGE_LOOP_ANALYSIS = YES;
				CLANG_WARN_STRICT_PROTOTYPES = YES;
				CLANG_WARN_SUSPICIOUS_MOVE = YES;
				CLANG_WARN_UNGUARDED_AVAILABILITY = YES_AGGRESSIVE;
				CLANG_WARN_UNREACHABLE_CODE = YES;
				CLANG_WARN__DUPLICATE_METHOD_MATCH = YES;
				COPY_PHASE_STRIP = NO;
				DEBUG_INFORMATION_FORMAT = "dwarf-with-dsym";
				ENABLE_NS_ASSERTIONS = NO;
				ENABLE_STRICT_OBJC_MSGSEND = YES;
				GCC_C_LANGUAGE_STANDARD = gnu11;
				GCC_NO_COMMON_BLOCKS = YES;
				GCC_WARN_64_TO_32_BIT_CONVERSION = YES;
				GCC_WARN_ABOUT_RETURN_TYPE = YES_ERROR;
				GCC_WARN_UNDECLARED_SELECTOR = YES;
				GCC_WARN_UNINITIALIZED_AUTOS = YES_AGGRESSIVE;
				GCC_WARN_UNUSED_FUNCTION = YES;
				GCC_WARN_UNUSED_VARIABLE = YES;
				IPHONEOS_DEPLOYMENT_TARGET = 16.2;
				MTL_ENABLE_DEBUG_INFO = NO;
				MTL_FAST_MATH = YES;
				SDKROOT = iphoneos;
				SWIFT_COMPILATION_MODE = wholemodule;
				SWIFT_OPTIMIZATION_LEVEL = "-O";
				VALIDATE_PRODUCT = YES;
			};
			name = Release;
		};
		FAAB5E7D29C8C5FC00A47D61 /* Debug */ = {
			isa = XCBuildConfiguration;
			buildSettings = {
				ASSETCATALOG_COMPILER_APPICON_NAME = AppIcon;
				ASSETCATALOG_COMPILER_GLOBAL_ACCENT_COLOR_NAME = AccentColor;
				CODE_SIGN_STYLE = Automatic;
				CURRENT_PROJECT_VERSION = 1;
				DEVELOPMENT_ASSET_PATHS = "\"basicTutorial/Preview Content\"";
				DEVELOPMENT_TEAM = 28P2T3P3QC;
				ENABLE_PREVIEWS = YES;
				GENERATE_INFOPLIST_FILE = YES;
				INFOPLIST_KEY_UIApplicationSceneManifest_Generation = YES;
				INFOPLIST_KEY_UIApplicationSupportsIndirectInputEvents = YES;
				INFOPLIST_KEY_UILaunchScreen_Generation = YES;
				INFOPLIST_KEY_UISupportedInterfaceOrientations = "UIInterfaceOrientationLandscapeLeft UIInterfaceOrientationLandscapeRight UIInterfaceOrientationPortrait";
				IPHONEOS_DEPLOYMENT_TARGET = 15.0;
				LD_RUNPATH_SEARCH_PATHS = (
					"$(inherited)",
					"@executable_path/Frameworks",
				);
				MARKETING_VERSION = 1.0;
				PRODUCT_BUNDLE_IDENTIFIER = summerzzang.basicTutorial;
				PRODUCT_NAME = "$(TARGET_NAME)";
				SWIFT_EMIT_LOC_STRINGS = YES;
				SWIFT_VERSION = 5.0;
				TARGETED_DEVICE_FAMILY = "1,2";
			};
			name = Debug;
		};
		FAAB5E7E29C8C5FC00A47D61 /* Release */ = {
			isa = XCBuildConfiguration;
			buildSettings = {
				ASSETCATALOG_COMPILER_APPICON_NAME = AppIcon;
				ASSETCATALOG_COMPILER_GLOBAL_ACCENT_COLOR_NAME = AccentColor;
				CODE_SIGN_STYLE = Automatic;
				CURRENT_PROJECT_VERSION = 1;
				DEVELOPMENT_ASSET_PATHS = "\"basicTutorial/Preview Content\"";
				DEVELOPMENT_TEAM = 28P2T3P3QC;
				ENABLE_PREVIEWS = YES;
				GENERATE_INFOPLIST_FILE = YES;
				INFOPLIST_KEY_UIApplicationSceneManifest_Generation = YES;
				INFOPLIST_KEY_UIApplicationSupportsIndirectInputEvents = YES;
				INFOPLIST_KEY_UILaunchScreen_Generation = YES;
				INFOPLIST_KEY_UISupportedInterfaceOrientations = "UIInterfaceOrientationLandscapeLeft UIInterfaceOrientationLandscapeRight UIInterfaceOrientationPortrait";
				IPHONEOS_DEPLOYMENT_TARGET = 15.0;
				LD_RUNPATH_SEARCH_PATHS = (
					"$(inherited)",
					"@executable_path/Frameworks",
				);
				MARKETING_VERSION = 1.0;
				PRODUCT_BUNDLE_IDENTIFIER = summerzzang.basicTutorial;
				PRODUCT_NAME = "$(TARGET_NAME)";
				SWIFT_EMIT_LOC_STRINGS = YES;
				SWIFT_VERSION = 5.0;
				TARGETED_DEVICE_FAMILY = "1,2";
			};
			name = Release;
		};
/* End XCBuildConfiguration section */

/* Begin XCConfigurationList section */
		FAAB5E6929C8C5F700A47D61 /* Build configuration list for PBXProject "basicTutorial" */ = {
			isa = XCConfigurationList;
			buildConfigurations = (
				FAAB5E7A29C8C5FC00A47D61 /* Debug */,
				FAAB5E7B29C8C5FC00A47D61 /* Release */,
			);
			defaultConfigurationIsVisible = 0;
			defaultConfigurationName = Release;
		};
		FAAB5E7C29C8C5FC00A47D61 /* Build configuration list for PBXNativeTarget "basicTutorial" */ = {
			isa = XCConfigurationList;
			buildConfigurations = (
				FAAB5E7D29C8C5FC00A47D61 /* Debug */,
				FAAB5E7E29C8C5FC00A47D61 /* Release */,
			);
			defaultConfigurationIsVisible = 0;
			defaultConfigurationName = Release;
		};
/* End XCConfigurationList section */
	};
	rootObject = FAAB5E6629C8C5F700A47D61 /* Project object */;
}
